PODS:
  - GoogleMaps (3.1.0):
    - GoogleMaps/Maps (= 3.1.0)
  - GoogleMaps/Base (3.1.0)
  - GoogleMaps/Maps (3.1.0):
    - GoogleMaps/Base
  - GooglePlacePicker (3.1.0):
    - GoogleMaps (= 3.1.0)
    - GooglePlaces (= 3.1.0)
  - GooglePlaces (3.1.0):
    - GoogleMaps/Base (= 3.1.0)
  - Realm (5.0.1):
    - Realm/Headers (= 5.0.1)
  - Realm/Headers (5.0.1)
  - RealmSwift (5.0.1):
    - Realm (= 5.0.1)
  - SwiftSocket (2.0.2)

DEPENDENCIES:
  - GoogleMaps
  - GooglePlacePicker
  - GooglePlaces
  - RealmSwift
  - SwiftSocket

SPEC REPOS:
  trunk:
    - GoogleMaps
    - GooglePlacePicker
    - GooglePlaces
    - Realm
    - RealmSwift
    - SwiftSocket

SPEC CHECKSUMS:
  GoogleMaps: 5c13302e6fe6bb6e686b267196586b91cd594225
  GooglePlacePicker: fa975116ac202ac29822c0a79758ea1c4db5a95f
  GooglePlaces: e874db179f2675c4f3eeda0b686b540273a578b0
  Realm: d36cfc336d76d2e15b13651beb6050f49354de4b
  RealmSwift: f29ae0ceaf4fbaf4803c40bbebd838ea2beb903a
  SwiftSocket: 6f4c9c63fbc5c1d61188936bb3c599fd546f40ae

PODFILE CHECKSUM: 0d0875d07ebe7933e44879ce2266a40aff62b708

COCOAPODS: 1.10.0
