// !$*UTF8*$!
{
	archiveVersion = 1;
	classes = {
	};
	objectVersion = 51;
	objects = {

/* Begin PBXBuildFile section */
		4920394902C7B5FA049A78A5 /* Pods_GoogleMap_demo.framework in Frameworks */ = {isa = PBXBuildFile; fileRef = 99956DEB0A101F6BB13B41B7 /* Pods_GoogleMap_demo.framework */; };
		914D4240254227620060999D /* AppDelegate.swift in Sources */ = {isa = PBXBuildFile; fileRef = 914D423F254227620060999D /* AppDelegate.swift */; };
		914D4242254227620060999D /* SceneDelegate.swift in Sources */ = {isa = PBXBuildFile; fileRef = 914D4241254227620060999D /* SceneDelegate.swift */; };
		914D4244254227620060999D /* ViewController.swift in Sources */ = {isa = PBXBuildFile; fileRef = 914D4243254227620060999D /* ViewController.swift */; };
		914D4247254227620060999D /* Main.storyboard in Resources */ = {isa = PBXBuildFile; fileRef = 914D4245254227620060999D /* Main.storyboard */; };
		914D4249254227620060999D /* Assets.xcassets in Resources */ = {isa = PBXBuildFile; fileRef = 914D4248254227620060999D /* Assets.xcassets */; };
		914D424C254227620060999D /* LaunchScreen.storyboard in Resources */ = {isa = PBXBuildFile; fileRef = 914D424A254227620060999D /* LaunchScreen.storyboard */; };
/* End PBXBuildFile section */

/* Begin PBXFileReference section */
		44DEB8CFBF3F5C6989CFD2D6 /* Pods-GoogleMap_demo.release.xcconfig */ = {isa = PBXFileReference; includeInIndex = 1; lastKnownFileType = text.xcconfig; name = "Pods-GoogleMap_demo.release.xcconfig"; path = "Target Support Files/Pods-GoogleMap_demo/Pods-GoogleMap_demo.release.xcconfig"; sourceTree = "<group>"; };
		6817C96BC3A59F0434D7378E /* Pods-GoogleMap_demo.debug.xcconfig */ = {isa = PBXFileReference; includeInIndex = 1; lastKnownFileType = text.xcconfig; name = "Pods-GoogleMap_demo.debug.xcconfig"; path = "Target Support Files/Pods-GoogleMap_demo/Pods-GoogleMap_demo.debug.xcconfig"; sourceTree = "<group>"; };
		914D423C254227620060999D /* GoogleMap_demo.app */ = {isa = PBXFileReference; explicitFileType = wrapper.application; includeInIndex = 0; path = GoogleMap_demo.app; sourceTree = BUILT_PRODUCTS_DIR; };
		914D423F254227620060999D /* AppDelegate.swift */ = {isa = PBXFileReference; lastKnownFileType = sourcecode.swift; path = AppDelegate.swift; sourceTree = "<group>"; };
		914D4241254227620060999D /* SceneDelegate.swift */ = {isa = PBXFileReference; lastKnownFileType = sourcecode.swift; path = SceneDelegate.swift; sourceTree = "<group>"; };
		914D4243254227620060999D /* ViewController.swift */ = {isa = PBXFileReference; lastKnownFileType = sourcecode.swift; path = ViewController.swift; sourceTree = "<group>"; };
		914D4246254227620060999D /* Base */ = {isa = PBXFileReference; lastKnownFileType = file.storyboard; name = Base; path = Base.lproj/Main.storyboard; sourceTree = "<group>"; };
		914D4248254227620060999D /* Assets.xcassets */ = {isa = PBXFileReference; lastKnownFileType = folder.assetcatalog; path = Assets.xcassets; sourceTree = "<group>"; };
		914D424B254227620060999D /* Base */ = {isa = PBXFileReference; lastKnownFileType = file.storyboard; name = Base; path = Base.lproj/LaunchScreen.storyboard; sourceTree = "<group>"; };
		914D424D254227620060999D /* Info.plist */ = {isa = PBXFileReference; lastKnownFileType = text.plist.xml; path = Info.plist; sourceTree = "<group>"; };
		99956DEB0A101F6BB13B41B7 /* Pods_GoogleMap_demo.framework */ = {isa = PBXFileReference; explicitFileType = wrapper.framework; includeInIndex = 0; path = Pods_GoogleMap_demo.framework; sourceTree = BUILT_PRODUCTS_DIR; };
/* End PBXFileReference section */

/* Begin PBXFrameworksBuildPhase section */
		914D4239254227620060999D /* Frameworks */ = {
			isa = PBXFrameworksBuildPhase;
			buildActionMask = 2147483647;
			files = (
				4920394902C7B5FA049A78A5 /* Pods_GoogleMap_demo.framework in Frameworks */,
			);
			runOnlyForDeploymentPostprocessing = 0;
		};
/* End PBXFrameworksBuildPhase section */

/* Begin PBXGroup section */
		914D4233254227620060999D = {
			isa = PBXGroup;
			children = (
				914D423E254227620060999D /* GoogleMap_demo */,
				914D423D254227620060999D /* Products */,
				D2DB25EC9EB4B3C8A7E14608 /* Pods */,
				9CABC5AC32B63D2199360B3E /* Frameworks */,
			);
			sourceTree = "<group>";
		};
		914D423D254227620060999D /* Products */ = {
			isa = PBXGroup;
			children = (
				914D423C254227620060999D /* GoogleMap_demo.app */,
			);
			name = Products;
			sourceTree = "<group>";
		};
		914D423E254227620060999D /* GoogleMap_demo */ = {
			isa = PBXGroup;
			children = (
				914D423F254227620060999D /* AppDelegate.swift */,
				914D4241254227620060999D /* SceneDelegate.swift */,
				914D4243254227620060999D /* ViewController.swift */,
				914D4245254227620060999D /* Main.storyboard */,
				914D4248254227620060999D /* Assets.xcassets */,
				914D424A254227620060999D /* LaunchScreen.storyboard */,
				914D424D254227620060999D /* Info.plist */,
			);
			path = GoogleMap_demo;
			sourceTree = "<group>";
		};
		9CABC5AC32B63D2199360B3E /* Frameworks */ = {
			isa = PBXGroup;
			children = (
				99956DEB0A101F6BB13B41B7 /* Pods_GoogleMap_demo.framework */,
			);
			name = Frameworks;
			sourceTree = "<group>";
		};
		D2DB25EC9EB4B3C8A7E14608 /* Pods */ = {
			isa = PBXGroup;
			children = (
				6817C96BC3A59F0434D7378E /* Pods-GoogleMap_demo.debug.xcconfig */,
				44DEB8CFBF3F5C6989CFD2D6 /* Pods-GoogleMap_demo.release.xcconfig */,
			);
			path = Pods;
			sourceTree = "<group>";
		};
/* End PBXGroup section */

/* Begin PBXNativeTarget section */
		914D423B254227620060999D /* GoogleMap_demo */ = {
			isa = PBXNativeTarget;
			buildConfigurationList = 914D4250254227620060999D /* Build configuration list for PBXNativeTarget "GoogleMap_demo" */;
			buildPhases = (
				79121D04F8DD474E108C7248 /* [CP] Check Pods Manifest.lock */,
				914D4238254227620060999D /* Sources */,
				914D4239254227620060999D /* Frameworks */,
				914D423A254227620060999D /* Resources */,
				348A51D0BDDC3D6BCAB2777B /* [CP] Copy Pods Resources */,
			);
			buildRules = (
			);
			dependencies = (
			);
			name = GoogleMap_demo;
			productName = GoogleMap_demo;
			productReference = 914D423C254227620060999D /* GoogleMap_demo.app */;
			productType = "com.apple.product-type.application";
		};
/* End PBXNativeTarget section */

/* Begin PBXProject section */
		914D4234254227620060999D /* Project object */ = {
			isa = PBXProject;
			attributes = {
				LastSwiftUpdateCheck = 1210;
				LastUpgradeCheck = 1210;
				TargetAttributes = {
					914D423B254227620060999D = {
						CreatedOnToolsVersion = 12.1;
					};
				};
			};
			buildConfigurationList = 914D4237254227620060999D /* Build configuration list for PBXProject "GoogleMap_demo" */;
			compatibilityVersion = "Xcode 9.3";
			developmentRegion = en;
			hasScannedForEncodings = 0;
			knownRegions = (
				en,
				Base,
			);
			mainGroup = 914D4233254227620060999D;
			productRefGroup = 914D423D254227620060999D /* Products */;
			projectDirPath = "";
			projectRoot = "";
			targets = (
				914D423B254227620060999D /* GoogleMap_demo */,
			);
		};
/* End PBXProject section */

/* Begin PBXResourcesBuildPhase section */
		914D423A254227620060999D /* Resources */ = {
			isa = PBXResourcesBuildPhase;
			buildActionMask = 2147483647;
			files = (
				914D424C254227620060999D /* LaunchScreen.storyboard in Resources */,
				914D4249254227620060999D /* Assets.xcassets in Resources */,
				914D4247254227620060999D /* Main.storyboard in Resources */,
			);
			runOnlyForDeploymentPostprocessing = 0;
		};
/* End PBXResourcesBuildPhase section */

/* Begin PBXShellScriptBuildPhase section */
		348A51D0BDDC3D6BCAB2777B /* [CP] Copy Pods Resources */ = {
			isa = PBXShellScriptBuildPhase;
			buildActionMask = 2147483647;
			files = (
			);
			inputFileListPaths = (
				"${PODS_ROOT}/Target Support Files/Pods-GoogleMap_demo/Pods-GoogleMap_demo-resources-${CONFIGURATION}-input-files.xcfilelist",
			);
			name = "[CP] Copy Pods Resources";
			outputFileListPaths = (
				"${PODS_ROOT}/Target Support Files/Pods-GoogleMap_demo/Pods-GoogleMap_demo-resources-${CONFIGURATION}-output-files.xcfilelist",
			);
			runOnlyForDeploymentPostprocessing = 0;
			shellPath = /bin/sh;
			shellScript = "\"${PODS_ROOT}/Target Support Files/Pods-GoogleMap_demo/Pods-GoogleMap_demo-resources.sh\"\n";
			showEnvVarsInLog = 0;
		};
		79121D04F8DD474E108C7248 /* [CP] Check Pods Manifest.lock */ = {
			isa = PBXShellScriptBuildPhase;
			buildActionMask = 2147483647;
			files = (
			);
			inputFileListPaths = (
			);
			inputPaths = (
				"${PODS_PODFILE_DIR_PATH}/Podfile.lock",
				"${PODS_ROOT}/Manifest.lock",
			);
			name = "[CP] Check Pods Manifest.lock";
			outputFileListPaths = (
			);
			outputPaths = (
				"$(DERIVED_FILE_DIR)/Pods-GoogleMap_demo-checkManifestLockResult.txt",
			);
			runOnlyForDeploymentPostprocessing = 0;
			shellPath = /bin/sh;
			shellScript = "diff \"${PODS_PODFILE_DIR_PATH}/Podfile.lock\" \"${PODS_ROOT}/Manifest.lock\" > /dev/null\nif [ $? != 0 ] ; then\n    # print error to STDERR\n    echo \"error: The sandbox is not in sync with the Podfile.lock. Run 'pod install' or update your CocoaPods installation.\" >&2\n    exit 1\nfi\n# This output is used by Xcode 'outputs' to avoid re-running this script phase.\necho \"SUCCESS\" > \"${SCRIPT_OUTPUT_FILE_0}\"\n";
			showEnvVarsInLog = 0;
		};
/* End PBXShellScriptBuildPhase section */

/* Begin PBXSourcesBuildPhase section */
		914D4238254227620060999D /* Sources */ = {
			isa = PBXSourcesBuildPhase;
			buildActionMask = 2147483647;
			files = (
				914D4244254227620060999D /* ViewController.swift in Sources */,
				914D4240254227620060999D /* AppDelegate.swift in Sources */,
				914D4242254227620060999D /* SceneDelegate.swift in Sources */,
			);
			runOnlyForDeploymentPostprocessing = 0;
		};
/* End PBXSourcesBuildPhase section */

/* Begin PBXVariantGroup section */
		914D4245254227620060999D /* Main.storyboard */ = {
			isa = PBXVariantGroup;
			children = (
				914D4246254227620060999D /* Base */,
			);
			name = Main.storyboard;
			sourceTree = "<group>";
		};
		914D424A254227620060999D /* LaunchScreen.storyboard */ = {
			isa = PBXVariantGroup;
			children = (
				914D424B254227620060999D /* Base */,
			);
			name = LaunchScreen.storyboard;
			sourceTree = "<group>";
		};
/* End PBXVariantGroup section */

/* Begin XCBuildConfiguration section */
		914D424E254227620060999D /* Debug */ = {
			isa = XCBuildConfiguration;
			buildSettings = {
				ALWAYS_SEARCH_USER_PATHS = NO;
				CLANG_ANALYZER_NONNULL = YES;
				CLANG_ANALYZER_NUMBER_OBJECT_CONVERSION = YES_AGGRESSIVE;
				CLANG_CXX_LANGUAGE_STANDARD = "gnu++14";
				CLANG_CXX_LIBRARY = "libc++";
				CLANG_ENABLE_MODULES = YES;
				CLANG_ENABLE_OBJC_ARC = YES;
				CLANG_ENABLE_OBJC_WEAK = YES;
				CLANG_WARN_BLOCK_CAPTURE_AUTORELEASING = YES;
				CLANG_WARN_BOOL_CONVERSION = YES;
				CLANG_WARN_COMMA = YES;
				CLANG_WARN_CONSTANT_CONVERSION = YES;
				CLANG_WARN_DEPRECATED_OBJC_IMPLEMENTATIONS = YES;
				CLANG_WARN_DIRECT_OBJC_ISA_USAGE = YES_ERROR;
				CLANG_WARN_DOCUMENTATION_COMMENTS = YES;
				CLANG_WARN_EMPTY_BODY = YES;
				CLANG_WARN_ENUM_CONVERSION = YES;
				CLANG_WARN_INFINITE_RECURSION = YES;
				CLANG_WARN_INT_CONVERSION = YES;
				CLANG_WARN_NON_LITERAL_NULL_CONVERSION = YES;
				CLANG_WARN_OBJC_IMPLICIT_RETAIN_SELF = YES;
				CLANG_WARN_OBJC_LITERAL_CONVERSION = YES;
				CLANG_WARN_OBJC_ROOT_CLASS = YES_ERROR;
				CLANG_WARN_QUOTED_INCLUDE_IN_FRAMEWORK_HEADER = YES;
				CLANG_WARN_RANGE_LOOP_ANALYSIS = YES;
				CLANG_WARN_STRICT_PROTOTYPES = YES;
				CLANG_WARN_SUSPICIOUS_MOVE = YES;
				CLANG_WARN_UNGUARDED_AVAILABILITY = YES_AGGRESSIVE;
				CLANG_WARN_UNREACHABLE_CODE = YES;
				CLANG_WARN__DUPLICATE_METHOD_MATCH = YES;
				COPY_PHASE_STRIP = NO;
				DEBUG_INFORMATION_FORMAT = dwarf;
				ENABLE_STRICT_OBJC_MSGSEND = YES;
				ENABLE_TESTABILITY = YES;
				GCC_C_LANGUAGE_STANDARD = gnu11;
				GCC_DYNAMIC_NO_PIC = NO;
				GCC_NO_COMMON_BLOCKS = YES;
				GCC_OPTIMIZATION_LEVEL = 0;
				GCC_PREPROCESSOR_DEFINITIONS = (
					"DEBUG=1",
					"$(inherited)",
				);
				GCC_WARN_64_TO_32_BIT_CONVERSION = YES;
				GCC_WARN_ABOUT_RETURN_TYPE = YES_ERROR;
				GCC_WARN_UNDECLARED_SELECTOR = YES;
				GCC_WARN_UNINITIALIZED_AUTOS = YES_AGGRESSIVE;
				GCC_WARN_UNUSED_FUNCTION = YES;
				GCC_WARN_UNUSED_VARIABLE = YES;
				IPHONEOS_DEPLOYMENT_TARGET = 14.1;
				MTL_ENABLE_DEBUG_INFO = INCLUDE_SOURCE;
				MTL_FAST_MATH = YES;
				ONLY_ACTIVE_ARCH = YES;
				SDKROOT = iphoneos;
				SWIFT_ACTIVE_COMPILATION_CONDITIONS = DEBUG;
				SWIFT_OPTIMIZATION_LEVEL = "-Onone";
			};
			name = Debug;
		};
		914D424F254227620060999D /* Release */ = {
			isa = XCBuildConfiguration;
			buildSettings = {
				ALWAYS_SEARCH_USER_PATHS = NO;
				CLANG_ANALYZER_NONNULL = YES;
				CLANG_ANALYZER_NUMBER_OBJECT_CONVERSION = YES_AGGRESSIVE;
				CLANG_CXX_LANGUAGE_STANDARD = "gnu++14";
				CLANG_CXX_LIBRARY = "libc++";
				CLANG_ENABLE_MODULES = YES;
				CLANG_ENABLE_OBJC_ARC = YES;
				CLANG_ENABLE_OBJC_WEAK = YES;
				CLANG_WARN_BLOCK_CAPTURE_AUTORELEASING = YES;
				CLANG_WARN_BOOL_CONVERSION = YES;
				CLANG_WARN_COMMA = YES;
				CLANG_WARN_CONSTANT_CONVERSION = YES;
				CLANG_WARN_DEPRECATED_OBJC_IMPLEMENTATIONS = YES;
				CLANG_WARN_DIRECT_OBJC_ISA_USAGE = YES_ERROR;
				CLANG_WARN_DOCUMENTATION_COMMENTS = YES;
				CLANG_WARN_EMPTY_BODY = YES;
				CLANG_WARN_ENUM_CONVERSION = YES;
				CLANG_WARN_INFINITE_RECURSION = YES;
				CLANG_WARN_INT_CONVERSION = YES;
				CLANG_WARN_NON_LITERAL_NULL_CONVERSION = YES;
				CLANG_WARN_OBJC_IMPLICIT_RETAIN_SELF = YES;
				CLANG_WARN_OBJC_LITERAL_CONVERSION = YES;
				CLANG_WARN_OBJC_ROOT_CLASS = YES_ERROR;
				CLANG_WARN_QUOTED_INCLUDE_IN_FRAMEWORK_HEADER = YES;
				CLANG_WARN_RANGE_LOOP_ANALYSIS = YES;
				CLANG_WARN_STRICT_PROTOTYPES = YES;
				CLANG_WARN_SUSPICIOUS_MOVE = YES;
				CLANG_WARN_UNGUARDED_AVAILABILITY = YES_AGGRESSIVE;
				CLANG_WARN_UNREACHABLE_CODE = YES;
				CLANG_WARN__DUPLICATE_METHOD_MATCH = YES;
				COPY_PHASE_STRIP = NO;
				DEBUG_INFORMATION_FORMAT = "dwarf-with-dsym";
				ENABLE_NS_ASSERTIONS = NO;
				ENABLE_STRICT_OBJC_MSGSEND = YES;
				GCC_C_LANGUAGE_STANDARD = gnu11;
				GCC_NO_COMMON_BLOCKS = YES;
				GCC_WARN_64_TO_32_BIT_CONVERSION = YES;
				GCC_WARN_ABOUT_RETURN_TYPE = YES_ERROR;
				GCC_WARN_UNDECLARED_SELECTOR = YES;
				GCC_WARN_UNINITIALIZED_AUTOS = YES_AGGRESSIVE;
				GCC_WARN_UNUSED_FUNCTION = YES;
				GCC_WARN_UNUSED_VARIABLE = YES;
				IPHONEOS_DEPLOYMENT_TARGET = 14.1;
				MTL_ENABLE_DEBUG_INFO = NO;
				MTL_FAST_MATH = YES;
				SDKROOT = iphoneos;
				SWIFT_COMPILATION_MODE = wholemodule;
				SWIFT_OPTIMIZATION_LEVEL = "-O";
				VALIDATE_PRODUCT = YES;
			};
			name = Release;
		};
		914D4251254227620060999D /* Debug */ = {
			isa = XCBuildConfiguration;
			baseConfigurationReference = 6817C96BC3A59F0434D7378E /* Pods-GoogleMap_demo.debug.xcconfig */;
			buildSettings = {
				ASSETCATALOG_COMPILER_APPICON_NAME = AppIcon;
				ASSETCATALOG_COMPILER_GLOBAL_ACCENT_COLOR_NAME = AccentColor;
				CODE_SIGN_STYLE = Automatic;
				DEVELOPMENT_TEAM = ZDQC76VPWK;
				INFOPLIST_FILE = GoogleMap_demo/Info.plist;
				IPHONEOS_DEPLOYMENT_TARGET = 14.0;
				LD_RUNPATH_SEARCH_PATHS = (
					"$(inherited)",
					"@executable_path/Frameworks",
				);
				PRODUCT_BUNDLE_IDENTIFIER = "RUyj.GoogleMap-demo";
				PRODUCT_NAME = "$(TARGET_NAME)";
				SWIFT_VERSION = 5.0;
				TARGETED_DEVICE_FAMILY = "1,2";
			};
			name = Debug;
		};
		914D4252254227620060999D /* Release */ = {
			isa = XCBuildConfiguration;
			baseConfigurationReference = 44DEB8CFBF3F5C6989CFD2D6 /* Pods-GoogleMap_demo.release.xcconfig */;
			buildSettings = {
				ASSETCATALOG_COMPILER_APPICON_NAME = AppIcon;
				ASSETCATALOG_COMPILER_GLOBAL_ACCENT_COLOR_NAME = AccentColor;
				CODE_SIGN_STYLE = Automatic;
				DEVELOPMENT_TEAM = ZDQC76VPWK;
				INFOPLIST_FILE = GoogleMap_demo/Info.plist;
				IPHONEOS_DEPLOYMENT_TARGET = 14.0;
				LD_RUNPATH_SEARCH_PATHS = (
					"$(inherited)",
					"@executable_path/Frameworks",
				);
				PRODUCT_BUNDLE_IDENTIFIER = "RUyj.GoogleMap-demo";
				PRODUCT_NAME = "$(TARGET_NAME)";
				SWIFT_VERSION = 5.0;
				TARGETED_DEVICE_FAMILY = "1,2";
			};
			name = Release;
		};
/* End XCBuildConfiguration section */

/* Begin XCConfigurationList section */
		914D4237254227620060999D /* Build configuration list for PBXProject "GoogleMap_demo" */ = {
			isa = XCConfigurationList;
			buildConfigurations = (
				914D424E254227620060999D /* Debug */,
				914D424F254227620060999D /* Release */,
			);
			defaultConfigurationIsVisible = 0;
			defaultConfigurationName = Release;
		};
		914D4250254227620060999D /* Build configuration list for PBXNativeTarget "GoogleMap_demo" */ = {
			isa = XCConfigurationList;
			buildConfigurations = (
				914D4251254227620060999D /* Debug */,
				914D4252254227620060999D /* Release */,
			);
			defaultConfigurationIsVisible = 0;
			defaultConfigurationName = Release;
		};
/* End XCConfigurationList section */
	};
	rootObject = 914D4234254227620060999D /* Project object */;
}
